{
  "lockfileVersion": 1,
  "workspaces": {
    "": {
      "name": "semipro-ai",
      "dependencies": {
        "@fal-ai/client": "^1.9.1",
      },
    },
  },
  "packages": {
    "@fal-ai/client": ["@fal-ai/client@1.9.1", "", { "dependencies": { "@msgpack/msgpack": "^3.0.0-beta2", "eventsource-parser": "^1.1.2", "robot3": "^0.4.1" } }, "sha512-Z6+n9/2sKlDam1wWDfRWmMkLS09e2WhTU9w+2eWL7PuoGmHK43IhwKirk4b3kPC/QPp1g+ymfvhrSiS1SpDr6g=="],

    "@msgpack/msgpack": ["@msgpack/msgpack@3.1.3", "", {}, "sha512-47XIizs9XZXvuJgoaJUIE2lFoID8ugvc0jzSHP+Ptfk8nTbnR8g788wv48N03Kx0UkAv559HWRQ3yzOgzlRNUA=="],

    "eventsource-parser": ["eventsource-parser@1.1.2", "", {}, "sha512-v0eOBUbiaFojBu2s2NPBfYUoRR9GjcDNvCXVaqEf5vVfpIAh9f8RCo4vXTP8c63QRKCFwoLpMpTdPwwhEKVgzA=="],

    "robot3": ["robot3@0.4.1", "", {}, "sha512-hzjy826lrxzx8eRgv80idkf8ua1JAepRc9Efdtj03N3KNJuznQCPlyCJ7gnUmDFwZCLQjxy567mQVKmdv2BsXQ=="],
  }
}
