{
  "lockfileVersion": 1,
  "workspaces": {
    "": {
      "name": "seattle-afrobeats",
      "dependencies": {
        "@fal-ai/client": "^1.9.1",
      },
    },
  },
  "packages": {
    "@fal-ai/client": ["@fal-ai/client@1.9.4", "", { "dependencies": { "@msgpack/msgpack": "^3.0.0-beta2", "eventsource-parser": "^1.1.2", "robot3": "^0.4.1" } }, "sha512-mDjF2QDq+oficSSxzmErNkseQeRXnvUBEhJy39n4PPe7jRPZeSqM2SNb27SW50rDtCtay+stwFU8zRZehlt1Qg=="],

    "@msgpack/msgpack": ["@msgpack/msgpack@3.1.3", "", {}, "sha512-47XIizs9XZXvuJgoaJUIE2lFoID8ugvc0jzSHP+Ptfk8nTbnR8g788wv48N03Kx0UkAv559HWRQ3yzOgzlRNUA=="],

    "eventsource-parser": ["eventsource-parser@1.1.2", "", {}, "sha512-v0eOBUbiaFojBu2s2NPBfYUoRR9GjcDNvCXVaqEf5vVfpIAh9f8RCo4vXTP8c63QRKCFwoLpMpTdPwwhEKVgzA=="],

    "robot3": ["robot3@0.4.1", "", {}, "sha512-hzjy826lrxzx8eRgv80idkf8ua1JAepRc9Efdtj03N3KNJuznQCPlyCJ7gnUmDFwZCLQjxy567mQVKmdv2BsXQ=="],
  }
}
